<?xml version="1.0" encoding="utf-8"?>
<Project ToolsVersion="4.0" xmlns="http://schemas.microsoft.com/developer/msbuild/2003">
  <ItemGroup>
    <ClCompile Include="Main.cpp" />
    <ClCompile Include="Overlay.cpp">
      <Filter>Overlay</Filter>
    </ClCompile>
  </ItemGroup>
  <ItemGroup>
    <Filter Include="SDK">
      <UniqueIdentifier>{d060546f-168b-42f7-a863-d0c37089eeb5}</UniqueIdentifier>
    </Filter>
    <Filter Include="Overlay">
      <UniqueIdentifier>{c87b2007-e9fa-4175-9d4f-8592bf58e2dd}</UniqueIdentifier>
    </Filter>
    <Filter Include="Misc">
      <UniqueIdentifier>{4794917d-c0fb-443f-bf95-f51fcab12e74}</UniqueIdentifier>
    </Filter>
  </ItemGroup>
  <ItemGroup>
    <ClInclude Include="SDK\BasePlayer.h">
      <Filter>SDK</Filter>
    </ClInclude>
    <ClInclude Include="SDK\Math.h">
      <Filter>SDK</Filter>
    </ClInclude>
    <ClInclude Include="SDK\BaseProjectile.h">
      <Filter>SDK</Filter>
    </ClInclude>
    <ClInclude Include="SDK\Misc.h">
      <Filter>SDK</Filter>
    </ClInclude>
    <ClInclude Include="Main.h" />
    <ClInclude Include="SDK\Aim.h">
      <Filter>SDK</Filter>
    </ClInclude>
    <ClInclude Include="Menu.h">
      <Filter>Overlay</Filter>
    </ClInclude>
    <ClInclude Include="DirectOverlay.h">
      <Filter>Overlay</Filter>
    </ClInclude>
    <ClInclude Include="Overlay.h">
      <Filter>Overlay</Filter>
    </ClInclude>
    <ClInclude Include="Value.h">
      <Filter>Misc</Filter>
    </ClInclude>
    <ClInclude Include="Of.h">
      <Filter>Misc</Filter>
    </ClInclude>
    <ClInclude Include="Includes.h">
      <Filter>Misc</Filter>
    </ClInclude>
    <ClInclude Include="skCrypt.h">
      <Filter>Misc</Filter>
    </ClInclude>
  </ItemGroup>
</Project>